
Microsoft Visual Studio Solution File, Format Version 12.00
# Visual Studio 15
VisualStudioVersion = 15.0.27130.2027
MinimumVisualStudioVersion = 10.0.40219.1
Project("{FAE04EC0-301F-11D3-BF4B-00C04F79EFBC}") = "PizzApp.Core", "PizzApp.Core\PizzApp.Core.csproj", "{D4958715-EB04-4136-8EC6-146D2784BA01}"
EndProject
Project("{FAE04EC0-301F-11D3-BF4B-00C04F79EFBC}") = "PizzApp.Entities", "PizzApp.Entities\PizzApp.Entities.csproj", "{9875EAE4-2153-4C04-B48A-105B36717E2B}"
EndProject
Project("{FAE04EC0-301F-11D3-BF4B-00C04F79EFBC}") = "PizzApp.DataAccess", "PizzApp.DataAccess\PizzApp.DataAccess.csproj", "{C8E41A9B-5276-4AE3-822E-0FB9FF2BF316}"
EndProject
Project("{FAE04EC0-301F-11D3-BF4B-00C04F79EFBC}") = "PizzApp.Business", "PizzApp.Business\PizzApp.Business.csproj", "{4EA83357-396F-488F-B0CA-16BA515030C2}"
EndProject
Project("{FAE04EC0-301F-11D3-BF4B-00C04F79EFBC}") = "PizzApp.MvcWebUI", "PizzApp.MvcWebUI\PizzApp.MvcWebUI.csproj", "{AF8D2802-3743-40D7-86C9-693D2508EDF1}"
EndProject
Project("{FAE04EC0-301F-11D3-BF4B-00C04F79EFBC}") = "PizzApp.MvcWebUI.Tests", "PizzApp.MvcWebUI.Tests\PizzApp.MvcWebUI.Tests.csproj", "{8CCACD0C-7AF2-4BDD-929D-4407F33EF4FC}"
EndProject
Project("{FAE04EC0-301F-11D3-BF4B-00C04F79EFBC}") = "PizzApp.DataAccess.Tests", "PizzApp.DataAccess.Tests\PizzApp.DataAccess.Tests.csproj", "{3C1B0E1F-5B2F-4FE8-9375-442DA9015B6F}"
EndProject
Project("{FAE04EC0-301F-11D3-BF4B-00C04F79EFBC}") = "PizzApp.Api", "PizzApp.Api\PizzApp.Api.csproj", "{86411766-A3CF-4A6E-BFF7-551F08A3CAEB}"
EndProject
Global
	GlobalSection(SolutionConfigurationPlatforms) = preSolution
		Debug|Any CPU = Debug|Any CPU
		Release|Any CPU = Release|Any CPU
	EndGlobalSection
	GlobalSection(ProjectConfigurationPlatforms) = postSolution
		{D4958715-EB04-4136-8EC6-146D2784BA01}.Debug|Any CPU.ActiveCfg = Debug|Any CPU
		{D4958715-EB04-4136-8EC6-146D2784BA01}.Debug|Any CPU.Build.0 = Debug|Any CPU
		{D4958715-EB04-4136-8EC6-146D2784BA01}.Release|Any CPU.ActiveCfg = Release|Any CPU
		{D4958715-EB04-4136-8EC6-146D2784BA01}.Release|Any CPU.Build.0 = Release|Any CPU
		{9875EAE4-2153-4C04-B48A-105B36717E2B}.Debug|Any CPU.ActiveCfg = Debug|Any CPU
		{9875EAE4-2153-4C04-B48A-105B36717E2B}.Debug|Any CPU.Build.0 = Debug|Any CPU
		{9875EAE4-2153-4C04-B48A-105B36717E2B}.Release|Any CPU.ActiveCfg = Release|Any CPU
		{9875EAE4-2153-4C04-B48A-105B36717E2B}.Release|Any CPU.Build.0 = Release|Any CPU
		{C8E41A9B-5276-4AE3-822E-0FB9FF2BF316}.Debug|Any CPU.ActiveCfg = Debug|Any CPU
		{C8E41A9B-5276-4AE3-822E-0FB9FF2BF316}.Debug|Any CPU.Build.0 = Debug|Any CPU
		{C8E41A9B-5276-4AE3-822E-0FB9FF2BF316}.Release|Any CPU.ActiveCfg = Release|Any CPU
		{C8E41A9B-5276-4AE3-822E-0FB9FF2BF316}.Release|Any CPU.Build.0 = Release|Any CPU
		{4EA83357-396F-488F-B0CA-16BA515030C2}.Debug|Any CPU.ActiveCfg = Debug|Any CPU
		{4EA83357-396F-488F-B0CA-16BA515030C2}.Debug|Any CPU.Build.0 = Debug|Any CPU
		{4EA83357-396F-488F-B0CA-16BA515030C2}.Release|Any CPU.ActiveCfg = Release|Any CPU
		{4EA83357-396F-488F-B0CA-16BA515030C2}.Release|Any CPU.Build.0 = Release|Any CPU
		{AF8D2802-3743-40D7-86C9-693D2508EDF1}.Debug|Any CPU.ActiveCfg = Debug|Any CPU
		{AF8D2802-3743-40D7-86C9-693D2508EDF1}.Debug|Any CPU.Build.0 = Debug|Any CPU
		{AF8D2802-3743-40D7-86C9-693D2508EDF1}.Release|Any CPU.ActiveCfg = Release|Any CPU
		{AF8D2802-3743-40D7-86C9-693D2508EDF1}.Release|Any CPU.Build.0 = Release|Any CPU
		{8CCACD0C-7AF2-4BDD-929D-4407F33EF4FC}.Debug|Any CPU.ActiveCfg = Debug|Any CPU
		{8CCACD0C-7AF2-4BDD-929D-4407F33EF4FC}.Debug|Any CPU.Build.0 = Debug|Any CPU
		{8CCACD0C-7AF2-4BDD-929D-4407F33EF4FC}.Release|Any CPU.ActiveCfg = Release|Any CPU
		{8CCACD0C-7AF2-4BDD-929D-4407F33EF4FC}.Release|Any CPU.Build.0 = Release|Any CPU
		{3C1B0E1F-5B2F-4FE8-9375-442DA9015B6F}.Debug|Any CPU.ActiveCfg = Debug|Any CPU
		{3C1B0E1F-5B2F-4FE8-9375-442DA9015B6F}.Debug|Any CPU.Build.0 = Debug|Any CPU
		{3C1B0E1F-5B2F-4FE8-9375-442DA9015B6F}.Release|Any CPU.ActiveCfg = Release|Any CPU
		{3C1B0E1F-5B2F-4FE8-9375-442DA9015B6F}.Release|Any CPU.Build.0 = Release|Any CPU
		{86411766-A3CF-4A6E-BFF7-551F08A3CAEB}.Debug|Any CPU.ActiveCfg = Debug|Any CPU
		{86411766-A3CF-4A6E-BFF7-551F08A3CAEB}.Debug|Any CPU.Build.0 = Debug|Any CPU
		{86411766-A3CF-4A6E-BFF7-551F08A3CAEB}.Release|Any CPU.ActiveCfg = Release|Any CPU
		{86411766-A3CF-4A6E-BFF7-551F08A3CAEB}.Release|Any CPU.Build.0 = Release|Any CPU
	EndGlobalSection
	GlobalSection(SolutionProperties) = preSolution
		HideSolutionNode = FALSE
	EndGlobalSection
	GlobalSection(ExtensibilityGlobals) = postSolution
		SolutionGuid = {BF9B11F2-185E-40CE-B3FA-771464A1C609}
	EndGlobalSection
EndGlobal
